// !$*UTF8*$!
{
	archiveVersion = 1;
	classes = {
	};
	objectVersion = 46;
	objects = {

/* Begin PBXBuildFile section */
		8D0005D11DFAF1050086C7A1 /* NewsTableViewCell.swift in Sources */ = {isa = PBXBuildFile; fileRef = 8D0005D01DFAF1050086C7A1 /* NewsTableViewCell.swift */; };
		8D0005D51DFB19860086C7A1 /* DescriptionViewController.swift in Sources */ = {isa = PBXBuildFile; fileRef = 8D0005D41DFB19860086C7A1 /* DescriptionViewController.swift */; };
		8D36E5B81E0237B500446B75 /* Articles.swift in Sources */ = {isa = PBXBuildFile; fileRef = 8D36E5B71E0237B500446B75 /* Articles.swift */; };
		8D682B981E157A7D003225AF /* SearchViewController.swift in Sources */ = {isa = PBXBuildFile; fileRef = 8D682B971E157A7D003225AF /* SearchViewController.swift */; };
		8D8829C91E134AEA00BE640D /* FoxSportsViewController.swift in Sources */ = {isa = PBXBuildFile; fileRef = 8D8829C81E134AEA00BE640D /* FoxSportsViewController.swift */; };
		8D8829CB1E134BB700BE640D /* FoxSportsTableViewCell.swift in Sources */ = {isa = PBXBuildFile; fileRef = 8D8829CA1E134BB700BE640D /* FoxSportsTableViewCell.swift */; };
		8D8829CD1E134D4900BE640D /* FoxData.swift in Sources */ = {isa = PBXBuildFile; fileRef = 8D8829CC1E134D4900BE640D /* FoxData.swift */; };
		8D977BB41DF7BBED00CF14EF /* AppDelegate.swift in Sources */ = {isa = PBXBuildFile; fileRef = 8D977BB31DF7BBED00CF14EF /* AppDelegate.swift */; };
		8D977BB61DF7BBED00CF14EF /* ViewController.swift in Sources */ = {isa = PBXBuildFile; fileRef = 8D977BB51DF7BBED00CF14EF /* ViewController.swift */; };
		8D977BB91DF7BBED00CF14EF /* Main.storyboard in Resources */ = {isa = PBXBuildFile; fileRef = 8D977BB71DF7BBED00CF14EF /* Main.storyboard */; };
		8D977BBB1DF7BBED00CF14EF /* Assets.xcassets in Resources */ = {isa = PBXBuildFile; fileRef = 8D977BBA1DF7BBED00CF14EF /* Assets.xcassets */; };
		8D977BBE1DF7BBED00CF14EF /* LaunchScreen.storyboard in Resources */ = {isa = PBXBuildFile; fileRef = 8D977BBC1DF7BBED00CF14EF /* LaunchScreen.storyboard */; };
		8D977BC81DF8BA4E00CF14EF /* ArticleData.swift in Sources */ = {isa = PBXBuildFile; fileRef = 8D977BC71DF8BA4E00CF14EF /* ArticleData.swift */; };
		8DCFAF241E11E6CE004F352E /* GoogleViewController.swift in Sources */ = {isa = PBXBuildFile; fileRef = 8DCFAF231E11E6CE004F352E /* GoogleViewController.swift */; };
		8DCFAF261E11EAF8004F352E /* GoogleTableViewCell.swift in Sources */ = {isa = PBXBuildFile; fileRef = 8DCFAF251E11EAF8004F352E /* GoogleTableViewCell.swift */; };
/* End PBXBuildFile section */

/* Begin PBXFileReference section */
		8D0005D01DFAF1050086C7A1 /* NewsTableViewCell.swift */ = {isa = PBXFileReference; fileEncoding = 4; lastKnownFileType = sourcecode.swift; name = NewsTableViewCell.swift; path = ../NewsTableViewCell.swift; sourceTree = "<group>"; };
		8D0005D41DFB19860086C7A1 /* DescriptionViewController.swift */ = {isa = PBXFileReference; fileEncoding = 4; lastKnownFileType = sourcecode.swift; name = DescriptionViewController.swift; path = ../DescriptionViewController.swift; sourceTree = "<group>"; };
		8D36E5B71E0237B500446B75 /* Articles.swift */ = {isa = PBXFileReference; fileEncoding = 4; lastKnownFileType = sourcecode.swift; name = Articles.swift; path = ../Articles.swift; sourceTree = "<group>"; };
		8D682B971E157A7D003225AF /* SearchViewController.swift */ = {isa = PBXFileReference; fileEncoding = 4; lastKnownFileType = sourcecode.swift; name = SearchViewController.swift; path = ../SearchViewController.swift; sourceTree = "<group>"; };
		8D8829C81E134AEA00BE640D /* FoxSportsViewController.swift */ = {isa = PBXFileReference; fileEncoding = 4; lastKnownFileType = sourcecode.swift; name = FoxSportsViewController.swift; path = ../FoxSportsViewController.swift; sourceTree = "<group>"; };
		8D8829CA1E134BB700BE640D /* FoxSportsTableViewCell.swift */ = {isa = PBXFileReference; fileEncoding = 4; lastKnownFileType = sourcecode.swift; name = FoxSportsTableViewCell.swift; path = ../FoxSportsTableViewCell.swift; sourceTree = "<group>"; };
		8D8829CC1E134D4900BE640D /* FoxData.swift */ = {isa = PBXFileReference; fileEncoding = 4; lastKnownFileType = sourcecode.swift; name = FoxData.swift; path = ../FoxData.swift; sourceTree = "<group>"; };
		8D977BB01DF7BBED00CF14EF /* Feedr Reader.app */ = {isa = PBXFileReference; explicitFileType = wrapper.application; includeInIndex = 0; path = "Feedr Reader.app"; sourceTree = BUILT_PRODUCTS_DIR; };
		8D977BB31DF7BBED00CF14EF /* AppDelegate.swift */ = {isa = PBXFileReference; lastKnownFileType = sourcecode.swift; path = AppDelegate.swift; sourceTree = "<group>"; };
		8D977BB51DF7BBED00CF14EF /* ViewController.swift */ = {isa = PBXFileReference; lastKnownFileType = sourcecode.swift; path = ViewController.swift; sourceTree = "<group>"; };
		8D977BB81DF7BBED00CF14EF /* Base */ = {isa = PBXFileReference; lastKnownFileType = file.storyboard; name = Base; path = Base.lproj/Main.storyboard; sourceTree = "<group>"; };
		8D977BBA1DF7BBED00CF14EF /* Assets.xcassets */ = {isa = PBXFileReference; lastKnownFileType = folder.assetcatalog; path = Assets.xcassets; sourceTree = "<group>"; };
		8D977BBD1DF7BBED00CF14EF /* Base */ = {isa = PBXFileReference; lastKnownFileType = file.storyboard; name = Base; path = Base.lproj/LaunchScreen.storyboard; sourceTree = "<group>"; };
		8D977BBF1DF7BBED00CF14EF /* Info.plist */ = {isa = PBXFileReference; lastKnownFileType = text.plist.xml; path = Info.plist; sourceTree = "<group>"; };
		8D977BC71DF8BA4E00CF14EF /* ArticleData.swift */ = {isa = PBXFileReference; fileEncoding = 4; lastKnownFileType = sourcecode.swift; path = ArticleData.swift; sourceTree = "<group>"; };
		8DCFAF231E11E6CE004F352E /* GoogleViewController.swift */ = {isa = PBXFileReference; fileEncoding = 4; lastKnownFileType = sourcecode.swift; path = GoogleViewController.swift; sourceTree = "<group>"; };
		8DCFAF251E11EAF8004F352E /* GoogleTableViewCell.swift */ = {isa = PBXFileReference; fileEncoding = 4; lastKnownFileType = sourcecode.swift; path = GoogleTableViewCell.swift; sourceTree = "<group>"; };
/* End PBXFileReference section */

/* Begin PBXFrameworksBuildPhase section */
		8D977BAD1DF7BBED00CF14EF /* Frameworks */ = {
			isa = PBXFrameworksBuildPhase;
			buildActionMask = 2147483647;
			files = (
			);
			runOnlyForDeploymentPostprocessing = 0;
		};
/* End PBXFrameworksBuildPhase section */

/* Begin PBXGroup section */
		8D0005D21DFAF1540086C7A1 /* Data */ = {
			isa = PBXGroup;
			children = (
				8D8829CC1E134D4900BE640D /* FoxData.swift */,
				8D977BC71DF8BA4E00CF14EF /* ArticleData.swift */,
				8D36E5B71E0237B500446B75 /* Articles.swift */,
			);
			name = Data;
			sourceTree = "<group>";
		};
		8D0005D31DFAF1670086C7A1 /* Logic */ = {
			isa = PBXGroup;
			children = (
				8D977BB31DF7BBED00CF14EF /* AppDelegate.swift */,
				8D977BB51DF7BBED00CF14EF /* ViewController.swift */,
				8DCFAF231E11E6CE004F352E /* GoogleViewController.swift */,
				8D8829C81E134AEA00BE640D /* FoxSportsViewController.swift */,
				8D0005D41DFB19860086C7A1 /* DescriptionViewController.swift */,
				8D682B971E157A7D003225AF /* SearchViewController.swift */,
			);
			name = Logic;
			sourceTree = "<group>";
		};
		8D682B991E1AFDFD003225AF /* UIs */ = {
			isa = PBXGroup;
			children = (
				8D977BB71DF7BBED00CF14EF /* Main.storyboard */,
				8D977BBA1DF7BBED00CF14EF /* Assets.xcassets */,
				8D977BBC1DF7BBED00CF14EF /* LaunchScreen.storyboard */,
			);
			name = UIs;
			sourceTree = "<group>";
		};
		8D977BA71DF7BBED00CF14EF = {
			isa = PBXGroup;
			children = (
				8D977BB21DF7BBED00CF14EF /* Feedr Reader */,
				8D977BB11DF7BBED00CF14EF /* Products */,
			);
			sourceTree = "<group>";
		};
		8D977BB11DF7BBED00CF14EF /* Products */ = {
			isa = PBXGroup;
			children = (
				8D977BB01DF7BBED00CF14EF /* Feedr Reader.app */,
			);
			name = Products;
			sourceTree = "<group>";
		};
		8D977BB21DF7BBED00CF14EF /* Feedr Reader */ = {
			isa = PBXGroup;
			children = (
				8D682B991E1AFDFD003225AF /* UIs */,
				8DCFAF291E120248004F352E /* Outlets */,
				8D0005D31DFAF1670086C7A1 /* Logic */,
				8D0005D21DFAF1540086C7A1 /* Data */,
				8D977BBF1DF7BBED00CF14EF /* Info.plist */,
			);
			path = "Feedr Reader";
			sourceTree = "<group>";
		};
		8DCFAF291E120248004F352E /* Outlets */ = {
			isa = PBXGroup;
			children = (
				8D0005D01DFAF1050086C7A1 /* NewsTableViewCell.swift */,
				8DCFAF251E11EAF8004F352E /* GoogleTableViewCell.swift */,
				8D8829CA1E134BB700BE640D /* FoxSportsTableViewCell.swift */,
			);
			name = Outlets;
			sourceTree = "<group>";
		};
/* End PBXGroup section */

/* Begin PBXNativeTarget section */
		8D977BAF1DF7BBED00CF14EF /* Feedr Reader */ = {
			isa = PBXNativeTarget;
			buildConfigurationList = 8D977BC21DF7BBED00CF14EF /* Build configuration list for PBXNativeTarget "Feedr Reader" */;
			buildPhases = (
				8D977BAC1DF7BBED00CF14EF /* Sources */,
				8D977BAD1DF7BBED00CF14EF /* Frameworks */,
				8D977BAE1DF7BBED00CF14EF /* Resources */,
			);
			buildRules = (
			);
			dependencies = (
			);
			name = "Feedr Reader";
			productName = "Feedr Reader";
			productReference = 8D977BB01DF7BBED00CF14EF /* Feedr Reader.app */;
			productType = "com.apple.product-type.application";
		};
/* End PBXNativeTarget section */

/* Begin PBXProject section */
		8D977BA81DF7BBED00CF14EF /* Project object */ = {
			isa = PBXProject;
			attributes = {
				LastSwiftUpdateCheck = 0810;
				LastUpgradeCheck = 0820;
				ORGANIZATIONNAME = "Israel Manzo";
				TargetAttributes = {
					8D977BAF1DF7BBED00CF14EF = {
						CreatedOnToolsVersion = 8.1;
						DevelopmentTeam = 6DC9LP75VX;
						ProvisioningStyle = Automatic;
					};
				};
			};
			buildConfigurationList = 8D977BAB1DF7BBED00CF14EF /* Build configuration list for PBXProject "Feedr Reader" */;
			compatibilityVersion = "Xcode 3.2";
			developmentRegion = English;
			hasScannedForEncodings = 0;
			knownRegions = (
				en,
				Base,
			);
			mainGroup = 8D977BA71DF7BBED00CF14EF;
			productRefGroup = 8D977BB11DF7BBED00CF14EF /* Products */;
			projectDirPath = "";
			projectRoot = "";
			targets = (
				8D977BAF1DF7BBED00CF14EF /* Feedr Reader */,
			);
		};
/* End PBXProject section */

/* Begin PBXResourcesBuildPhase section */
		8D977BAE1DF7BBED00CF14EF /* Resources */ = {
			isa = PBXResourcesBuildPhase;
			buildActionMask = 2147483647;
			files = (
				8D977BBE1DF7BBED00CF14EF /* LaunchScreen.storyboard in Resources */,
				8D977BBB1DF7BBED00CF14EF /* Assets.xcassets in Resources */,
				8D977BB91DF7BBED00CF14EF /* Main.storyboard in Resources */,
			);
			runOnlyForDeploymentPostprocessing = 0;
		};
/* End PBXResourcesBuildPhase section */

/* Begin PBXSourcesBuildPhase section */
		8D977BAC1DF7BBED00CF14EF /* Sources */ = {
			isa = PBXSourcesBuildPhase;
			buildActionMask = 2147483647;
			files = (
				8D977BB61DF7BBED00CF14EF /* ViewController.swift in Sources */,
				8D977BC81DF8BA4E00CF14EF /* ArticleData.swift in Sources */,
				8D0005D11DFAF1050086C7A1 /* NewsTableViewCell.swift in Sources */,
				8D0005D51DFB19860086C7A1 /* DescriptionViewController.swift in Sources */,
				8DCFAF261E11EAF8004F352E /* GoogleTableViewCell.swift in Sources */,
				8D8829CB1E134BB700BE640D /* FoxSportsTableViewCell.swift in Sources */,
				8D682B981E157A7D003225AF /* SearchViewController.swift in Sources */,
				8D8829C91E134AEA00BE640D /* FoxSportsViewController.swift in Sources */,
				8D36E5B81E0237B500446B75 /* Articles.swift in Sources */,
				8DCFAF241E11E6CE004F352E /* GoogleViewController.swift in Sources */,
				8D977BB41DF7BBED00CF14EF /* AppDelegate.swift in Sources */,
				8D8829CD1E134D4900BE640D /* FoxData.swift in Sources */,
			);
			runOnlyForDeploymentPostprocessing = 0;
		};
/* End PBXSourcesBuildPhase section */

/* Begin PBXVariantGroup section */
		8D977BB71DF7BBED00CF14EF /* Main.storyboard */ = {
			isa = PBXVariantGroup;
			children = (
				8D977BB81DF7BBED00CF14EF /* Base */,
			);
			name = Main.storyboard;
			sourceTree = "<group>";
		};
		8D977BBC1DF7BBED00CF14EF /* LaunchScreen.storyboard */ = {
			isa = PBXVariantGroup;
			children = (
				8D977BBD1DF7BBED00CF14EF /* Base */,
			);
			name = LaunchScreen.storyboard;
			sourceTree = "<group>";
		};
/* End PBXVariantGroup section */

/* Begin XCBuildConfiguration section */
		8D977BC01DF7BBED00CF14EF /* Debug */ = {
			isa = XCBuildConfiguration;
			buildSettings = {
				ALWAYS_SEARCH_USER_PATHS = NO;
				CLANG_ANALYZER_NONNULL = YES;
				CLANG_CXX_LANGUAGE_STANDARD = "gnu++0x";
				CLANG_CXX_LIBRARY = "libc++";
				CLANG_ENABLE_MODULES = YES;
				CLANG_ENABLE_OBJC_ARC = YES;
				CLANG_WARN_BOOL_CONVERSION = YES;
				CLANG_WARN_CONSTANT_CONVERSION = YES;
				CLANG_WARN_DIRECT_OBJC_ISA_USAGE = YES_ERROR;
				CLANG_WARN_DOCUMENTATION_COMMENTS = YES;
				CLANG_WARN_EMPTY_BODY = YES;
				CLANG_WARN_ENUM_CONVERSION = YES;
				CLANG_WARN_INFINITE_RECURSION = YES;
				CLANG_WARN_INT_CONVERSION = YES;
				CLANG_WARN_OBJC_ROOT_CLASS = YES_ERROR;
				CLANG_WARN_SUSPICIOUS_MOVE = YES;
				CLANG_WARN_SUSPICIOUS_MOVES = YES;
				CLANG_WARN_UNREACHABLE_CODE = YES;
				CLANG_WARN__DUPLICATE_METHOD_MATCH = YES;
				"CODE_SIGN_IDENTITY[sdk=iphoneos*]" = "iPhone Developer";
				COPY_PHASE_STRIP = NO;
				DEBUG_INFORMATION_FORMAT = dwarf;
				ENABLE_STRICT_OBJC_MSGSEND = YES;
				ENABLE_TESTABILITY = YES;
				GCC_C_LANGUAGE_STANDARD = gnu99;
				GCC_DYNAMIC_NO_PIC = NO;
				GCC_NO_COMMON_BLOCKS = YES;
				GCC_OPTIMIZATION_LEVEL = 0;
				GCC_PREPROCESSOR_DEFINITIONS = (
					"DEBUG=1",
					"$(inherited)",
				);
				GCC_WARN_64_TO_32_BIT_CONVERSION = YES;
				GCC_WARN_ABOUT_RETURN_TYPE = YES_ERROR;
				GCC_WARN_UNDECLARED_SELECTOR = YES;
				GCC_WARN_UNINITIALIZED_AUTOS = YES_AGGRESSIVE;
				GCC_WARN_UNUSED_FUNCTION = YES;
				GCC_WARN_UNUSED_VARIABLE = YES;
				IPHONEOS_DEPLOYMENT_TARGET = 10.1;
				MTL_ENABLE_DEBUG_INFO = YES;
				ONLY_ACTIVE_ARCH = YES;
				SDKROOT = iphoneos;
				SWIFT_ACTIVE_COMPILATION_CONDITIONS = DEBUG;
				SWIFT_OPTIMIZATION_LEVEL = "-Onone";
				TARGETED_DEVICE_FAMILY = "1,2";
			};
			name = Debug;
		};
		8D977BC11DF7BBED00CF14EF /* Release */ = {
			isa = XCBuildConfiguration;
			buildSettings = {
				ALWAYS_SEARCH_USER_PATHS = NO;
				CLANG_ANALYZER_NONNULL = YES;
				CLANG_CXX_LANGUAGE_STANDARD = "gnu++0x";
				CLANG_CXX_LIBRARY = "libc++";
				CLANG_ENABLE_MODULES = YES;
				CLANG_ENABLE_OBJC_ARC = YES;
				CLANG_WARN_BOOL_CONVERSION = YES;
				CLANG_WARN_CONSTANT_CONVERSION = YES;
				CLANG_WARN_DIRECT_OBJC_ISA_USAGE = YES_ERROR;
				CLANG_WARN_DOCUMENTATION_COMMENTS = YES;
				CLANG_WARN_EMPTY_BODY = YES;
				CLANG_WARN_ENUM_CONVERSION = YES;
				CLANG_WARN_INFINITE_RECURSION = YES;
				CLANG_WARN_INT_CONVERSION = YES;
				CLANG_WARN_OBJC_ROOT_CLASS = YES_ERROR;
				CLANG_WARN_SUSPICIOUS_MOVE = YES;
				CLANG_WARN_SUSPICIOUS_MOVES = YES;
				CLANG_WARN_UNREACHABLE_CODE = YES;
				CLANG_WARN__DUPLICATE_METHOD_MATCH = YES;
				"CODE_SIGN_IDENTITY[sdk=iphoneos*]" = "iPhone Developer";
				COPY_PHASE_STRIP = NO;
				DEBUG_INFORMATION_FORMAT = "dwarf-with-dsym";
				ENABLE_NS_ASSERTIONS = NO;
				ENABLE_STRICT_OBJC_MSGSEND = YES;
				GCC_C_LANGUAGE_STANDARD = gnu99;
				GCC_NO_COMMON_BLOCKS = YES;
				GCC_WARN_64_TO_32_BIT_CONVERSION = YES;
				GCC_WARN_ABOUT_RETURN_TYPE = YES_ERROR;
				GCC_WARN_UNDECLARED_SELECTOR = YES;
				GCC_WARN_UNINITIALIZED_AUTOS = YES_AGGRESSIVE;
				GCC_WARN_UNUSED_FUNCTION = YES;
				GCC_WARN_UNUSED_VARIABLE = YES;
				IPHONEOS_DEPLOYMENT_TARGET = 10.1;
				MTL_ENABLE_DEBUG_INFO = NO;
				SDKROOT = iphoneos;
				SWIFT_OPTIMIZATION_LEVEL = "-Owholemodule";
				TARGETED_DEVICE_FAMILY = "1,2";
				VALIDATE_PRODUCT = YES;
			};
			name = Release;
		};
		8D977BC31DF7BBED00CF14EF /* Debug */ = {
			isa = XCBuildConfiguration;
			buildSettings = {
				ASSETCATALOG_COMPILER_APPICON_NAME = AppIcon;
				DEVELOPMENT_TEAM = 6DC9LP75VX;
				INFOPLIST_FILE = "Feedr Reader/Info.plist";
				LD_RUNPATH_SEARCH_PATHS = "$(inherited) @executable_path/Frameworks";
				PRODUCT_BUNDLE_IDENTIFIER = "com.example.inclass.Feedr-Reader";
				PRODUCT_NAME = "$(TARGET_NAME)";
				SWIFT_VERSION = 3.0;
			};
			name = Debug;
		};
		8D977BC41DF7BBED00CF14EF /* Release */ = {
			isa = XCBuildConfiguration;
			buildSettings = {
				ASSETCATALOG_COMPILER_APPICON_NAME = AppIcon;
				DEVELOPMENT_TEAM = 6DC9LP75VX;
				INFOPLIST_FILE = "Feedr Reader/Info.plist";
				LD_RUNPATH_SEARCH_PATHS = "$(inherited) @executable_path/Frameworks";
				PRODUCT_BUNDLE_IDENTIFIER = "com.example.inclass.Feedr-Reader";
				PRODUCT_NAME = "$(TARGET_NAME)";
				SWIFT_VERSION = 3.0;
			};
			name = Release;
		};
/* End XCBuildConfiguration section */

/* Begin XCConfigurationList section */
		8D977BAB1DF7BBED00CF14EF /* Build configuration list for PBXProject "Feedr Reader" */ = {
			isa = XCConfigurationList;
			buildConfigurations = (
				8D977BC01DF7BBED00CF14EF /* Debug */,
				8D977BC11DF7BBED00CF14EF /* Release */,
			);
			defaultConfigurationIsVisible = 0;
			defaultConfigurationName = Release;
		};
		8D977BC21DF7BBED00CF14EF /* Build configuration list for PBXNativeTarget "Feedr Reader" */ = {
			isa = XCConfigurationList;
			buildConfigurations = (
				8D977BC31DF7BBED00CF14EF /* Debug */,
				8D977BC41DF7BBED00CF14EF /* Release */,
			);
			defaultConfigurationIsVisible = 0;
			defaultConfigurationName = Release;
		};
/* End XCConfigurationList section */
	};
	rootObject = 8D977BA81DF7BBED00CF14EF /* Project object */;
}
